
Microsoft Visual Studio Solution File, Format Version 12.00
# Visual Studio Version 17
VisualStudioVersion = 17.14.36414.22 d17.14
MinimumVisualStudioVersion = 10.0.40219.1
Project("{FAE04EC0-301F-11D3-BF4B-00C04F79EFBC}") = "TaskManager", "TaskManager\TaskManager.csproj", "{BCD990C5-97BF-457D-B386-BC48E45ABA41}"
EndProject
Global
	GlobalSection(SolutionConfigurationPlatforms) = preSolution
		Debug|Any CPU = Debug|Any CPU
		Release|Any CPU = Release|Any CPU
	EndGlobalSection
	GlobalSection(ProjectConfigurationPlatforms) = postSolution
		{BCD990C5-97BF-457D-B386-BC48E45ABA41}.Debug|Any CPU.ActiveCfg = Debug|Any CPU
		{BCD990C5-97BF-457D-B386-BC48E45ABA41}.Debug|Any CPU.Build.0 = Debug|Any CPU
		{BCD990C5-97BF-457D-B386-BC48E45ABA41}.Release|Any CPU.ActiveCfg = Release|Any CPU
		{BCD990C5-97BF-457D-B386-BC48E45ABA41}.Release|Any CPU.Build.0 = Release|Any CPU
	EndGlobalSection
	GlobalSection(SolutionProperties) = preSolution
		HideSolutionNode = FALSE
	EndGlobalSection
	GlobalSection(ExtensibilityGlobals) = postSolution
		SolutionGuid = {C5BD54A7-DE5C-45C0-87B0-E99B3224A9C6}
	EndGlobalSection
EndGlobal
